
Microsoft Visual Studio Solution File, Format Version 12.00
# Visual Studio Version 16
VisualStudioVersion = 16.0.31515.178
MinimumVisualStudioVersion = 10.0.40219.1
Project("{FAE04EC0-301F-11D3-BF4B-00C04F79EFBC}") = "AspNetCoreApp", "AspNetCoreApp\AspNetCoreApp.csproj", "{74B19A11-88EF-4498-BFD4-AA1513057F60}"
EndProject
Global
	GlobalSection(SolutionConfigurationPlatforms) = preSolution
		Debug|Any CPU = Debug|Any CPU
		Release|Any CPU = Release|Any CPU
	EndGlobalSection
	GlobalSection(ProjectConfigurationPlatforms) = postSolution
		{74B19A11-88EF-4498-BFD4-AA1513057F60}.Debug|Any CPU.ActiveCfg = Debug|Any CPU
		{74B19A11-88EF-4498-BFD4-AA1513057F60}.Debug|Any CPU.Build.0 = Debug|Any CPU
		{74B19A11-88EF-4498-BFD4-AA1513057F60}.Release|Any CPU.ActiveCfg = Release|Any CPU
		{74B19A11-88EF-4498-BFD4-AA1513057F60}.Release|Any CPU.Build.0 = Release|Any CPU
	EndGlobalSection
	GlobalSection(SolutionProperties) = preSolution
		HideSolutionNode = FALSE
	EndGlobalSection
	GlobalSection(ExtensibilityGlobals) = postSolution
		SolutionGuid = {B0CCAF0B-33A8-478E-8E3C-F474132CD66C}
	EndGlobalSection
EndGlobal
